
Microsoft Visual Studio Solution File, Format Version 12.00
# Visual Studio Version 17
VisualStudioVersion = 17.2.32526.322
MinimumVisualStudioVersion = 10.0.40219.1
Project("{FAE04EC0-301F-11D3-BF4B-00C04F79EFBC}") = "WebAppSimple", "WebAppSimple\WebAppSimple.csproj", "{6DB247A2-166B-4E39-B606-47DBD168F765}"
EndProject
Global
	GlobalSection(SolutionConfigurationPlatforms) = preSolution
		Debug|Any CPU = Debug|Any CPU
		Release|Any CPU = Release|Any CPU
	EndGlobalSection
	GlobalSection(ProjectConfigurationPlatforms) = postSolution
		{6DB247A2-166B-4E39-B606-47DBD168F765}.Debug|Any CPU.ActiveCfg = Debug|Any CPU
		{6DB247A2-166B-4E39-B606-47DBD168F765}.Debug|Any CPU.Build.0 = Debug|Any CPU
		{6DB247A2-166B-4E39-B606-47DBD168F765}.Release|Any CPU.ActiveCfg = Release|Any CPU
		{6DB247A2-166B-4E39-B606-47DBD168F765}.Release|Any CPU.Build.0 = Release|Any CPU
	EndGlobalSection
	GlobalSection(SolutionProperties) = preSolution
		HideSolutionNode = FALSE
	EndGlobalSection
	GlobalSection(ExtensibilityGlobals) = postSolution
		SolutionGuid = {6B369B15-2735-41EB-9C55-A89F2A5E19D7}
	EndGlobalSection
EndGlobal
